
Microsoft Visual Studio Solution File, Format Version 12.00
# Visual Studio Version 17
VisualStudioVersion = 17.14.37328.6 d17.14
MinimumVisualStudioVersion = 10.0.40219.1
Project("{FAE04EC0-301F-11D3-BF4B-00C04F79EFBC}") = "Gardener", "Gardener.csproj", "{4D410A13-959C-7445-6D85-D07D75ED2D8E}"
EndProject
Global
	GlobalSection(SolutionConfigurationPlatforms) = preSolution
		Debug|Any CPU = Debug|Any CPU
		Release|Any CPU = Release|Any CPU
	EndGlobalSection
	GlobalSection(ProjectConfigurationPlatforms) = postSolution
		{4D410A13-959C-7445-6D85-D07D75ED2D8E}.Debug|Any CPU.ActiveCfg = Debug|Any CPU
		{4D410A13-959C-7445-6D85-D07D75ED2D8E}.Debug|Any CPU.Build.0 = Debug|Any CPU
		{4D410A13-959C-7445-6D85-D07D75ED2D8E}.Release|Any CPU.ActiveCfg = Release|Any CPU
		{4D410A13-959C-7445-6D85-D07D75ED2D8E}.Release|Any CPU.Build.0 = Release|Any CPU
	EndGlobalSection
	GlobalSection(SolutionProperties) = preSolution
		HideSolutionNode = FALSE
	EndGlobalSection
	GlobalSection(ExtensibilityGlobals) = postSolution
		SolutionGuid = {66D04AE1-2A97-4DD7-94BB-2E2B680B5F3A}
	EndGlobalSection
EndGlobal
